{
  "originHash" : "5ff58e16cf9c6295bcf6ad64c1c10a04495e935b8f9f7712a3aac82369a62a90",
  "pins" : [
    {
      "identity" : "capacitor-swift-pm",
      "kind" : "remoteSourceControl",
      "location" : "https://github.com/ionic-team/capacitor-swift-pm.git",
      "state" : {
        "revision" : "2231987d85b8b0b289320b1d0947b4ae8345cde4",
        "version" : "8.4.1"
      }
    }
  ],
  "version" : 3
}
